// !$*UTF8*$!
{
	archiveVersion = 1;
	classes = {
	};
	objectVersion = 46;
	objects = {

/* Begin PBXBuildFile section */
		860A74621F250A8A0044CEC6 /* AnimationWithQueue.swift in Sources */ = {isa = PBXBuildFile; fileRef = 860A74611F250A8A0044CEC6 /* AnimationWithQueue.swift */; };
		86BE5E391F1C6BFC0094C169 /* AppDelegate.swift in Sources */ = {isa = PBXBuildFile; fileRef = 86BE5E381F1C6BFC0094C169 /* AppDelegate.swift */; };
		86BE5E3B1F1C6BFC0094C169 /* ViewController.swift in Sources */ = {isa = PBXBuildFile; fileRef = 86BE5E3A1F1C6BFC0094C169 /* ViewController.swift */; };
		86BE5E3E1F1C6BFC0094C169 /* Main.storyboard in Resources */ = {isa = PBXBuildFile; fileRef = 86BE5E3C1F1C6BFC0094C169 /* Main.storyboard */; };
		86BE5E401F1C6BFC0094C169 /* Assets.xcassets in Resources */ = {isa = PBXBuildFile; fileRef = 86BE5E3F1F1C6BFC0094C169 /* Assets.xcassets */; };
		86BE5E431F1C6BFC0094C169 /* LaunchScreen.storyboard in Resources */ = {isa = PBXBuildFile; fileRef = 86BE5E411F1C6BFC0094C169 /* LaunchScreen.storyboard */; };
		86E5E6811F1F02F300B69603 /* Dynamic.swift in Sources */ = {isa = PBXBuildFile; fileRef = 86E5E6801F1F02F300B69603 /* Dynamic.swift */; };
		86E5E6891F21C0F700B69603 /* AnimateItem.swift in Sources */ = {isa = PBXBuildFile; fileRef = 86E5E6881F21C0F700B69603 /* AnimateItem.swift */; };
		86E5E68B1F21E3EE00B69603 /* Queue.swift in Sources */ = {isa = PBXBuildFile; fileRef = 86E5E68A1F21E3EE00B69603 /* Queue.swift */; };
/* End PBXBuildFile section */

/* Begin PBXFileReference section */
		860A74611F250A8A0044CEC6 /* AnimationWithQueue.swift */ = {isa = PBXFileReference; fileEncoding = 4; lastKnownFileType = sourcecode.swift; path = AnimationWithQueue.swift; sourceTree = "<group>"; };
		86BE5E351F1C6BFC0094C169 /* DemoAnimation.app */ = {isa = PBXFileReference; explicitFileType = wrapper.application; includeInIndex = 0; path = DemoAnimation.app; sourceTree = BUILT_PRODUCTS_DIR; };
		86BE5E381F1C6BFC0094C169 /* AppDelegate.swift */ = {isa = PBXFileReference; lastKnownFileType = sourcecode.swift; path = AppDelegate.swift; sourceTree = "<group>"; };
		86BE5E3A1F1C6BFC0094C169 /* ViewController.swift */ = {isa = PBXFileReference; lastKnownFileType = sourcecode.swift; path = ViewController.swift; sourceTree = "<group>"; };
		86BE5E3D1F1C6BFC0094C169 /* Base */ = {isa = PBXFileReference; lastKnownFileType = file.storyboard; name = Base; path = Base.lproj/Main.storyboard; sourceTree = "<group>"; };
		86BE5E3F1F1C6BFC0094C169 /* Assets.xcassets */ = {isa = PBXFileReference; lastKnownFileType = folder.assetcatalog; path = Assets.xcassets; sourceTree = "<group>"; };
		86BE5E421F1C6BFC0094C169 /* Base */ = {isa = PBXFileReference; lastKnownFileType = file.storyboard; name = Base; path = Base.lproj/LaunchScreen.storyboard; sourceTree = "<group>"; };
		86BE5E441F1C6BFC0094C169 /* Info.plist */ = {isa = PBXFileReference; lastKnownFileType = text.plist.xml; path = Info.plist; sourceTree = "<group>"; };
		86E5E6801F1F02F300B69603 /* Dynamic.swift */ = {isa = PBXFileReference; fileEncoding = 4; lastKnownFileType = sourcecode.swift; path = Dynamic.swift; sourceTree = "<group>"; };
		86E5E6881F21C0F700B69603 /* AnimateItem.swift */ = {isa = PBXFileReference; fileEncoding = 4; lastKnownFileType = sourcecode.swift; path = AnimateItem.swift; sourceTree = "<group>"; };
		86E5E68A1F21E3EE00B69603 /* Queue.swift */ = {isa = PBXFileReference; fileEncoding = 4; lastKnownFileType = sourcecode.swift; name = Queue.swift; path = ../Queue.swift; sourceTree = "<group>"; };
/* End PBXFileReference section */

/* Begin PBXFrameworksBuildPhase section */
		86BE5E321F1C6BFC0094C169 /* Frameworks */ = {
			isa = PBXFrameworksBuildPhase;
			buildActionMask = 2147483647;
			files = (
			);
			runOnlyForDeploymentPostprocessing = 0;
		};
/* End PBXFrameworksBuildPhase section */

/* Begin PBXGroup section */
		86BE5E2C1F1C6BFC0094C169 = {
			isa = PBXGroup;
			children = (
				86BE5E371F1C6BFC0094C169 /* DemoAnimation */,
				86BE5E361F1C6BFC0094C169 /* Products */,
			);
			sourceTree = "<group>";
		};
		86BE5E361F1C6BFC0094C169 /* Products */ = {
			isa = PBXGroup;
			children = (
				86BE5E351F1C6BFC0094C169 /* DemoAnimation.app */,
			);
			name = Products;
			sourceTree = "<group>";
		};
		86BE5E371F1C6BFC0094C169 /* DemoAnimation */ = {
			isa = PBXGroup;
			children = (
				86BE5E381F1C6BFC0094C169 /* AppDelegate.swift */,
				86BE5E3A1F1C6BFC0094C169 /* ViewController.swift */,
				86E5E68A1F21E3EE00B69603 /* Queue.swift */,
				86E5E6881F21C0F700B69603 /* AnimateItem.swift */,
				860A74611F250A8A0044CEC6 /* AnimationWithQueue.swift */,
				86BE5E3C1F1C6BFC0094C169 /* Main.storyboard */,
				86BE5E3F1F1C6BFC0094C169 /* Assets.xcassets */,
				86BE5E411F1C6BFC0094C169 /* LaunchScreen.storyboard */,
				86BE5E441F1C6BFC0094C169 /* Info.plist */,
				86E5E6801F1F02F300B69603 /* Dynamic.swift */,
			);
			path = DemoAnimation;
			sourceTree = "<group>";
		};
/* End PBXGroup section */

/* Begin PBXNativeTarget section */
		86BE5E341F1C6BFC0094C169 /* DemoAnimation */ = {
			isa = PBXNativeTarget;
			buildConfigurationList = 86BE5E471F1C6BFC0094C169 /* Build configuration list for PBXNativeTarget "DemoAnimation" */;
			buildPhases = (
				86BE5E311F1C6BFC0094C169 /* Sources */,
				86BE5E321F1C6BFC0094C169 /* Frameworks */,
				86BE5E331F1C6BFC0094C169 /* Resources */,
			);
			buildRules = (
			);
			dependencies = (
			);
			name = DemoAnimation;
			productName = DemoAnimation;
			productReference = 86BE5E351F1C6BFC0094C169 /* DemoAnimation.app */;
			productType = "com.apple.product-type.application";
		};
/* End PBXNativeTarget section */

/* Begin PBXProject section */
		86BE5E2D1F1C6BFC0094C169 /* Project object */ = {
			isa = PBXProject;
			attributes = {
				LastSwiftUpdateCheck = 0820;
				LastUpgradeCheck = 0820;
				ORGANIZATIONNAME = bipbipdinang;
				TargetAttributes = {
					86BE5E341F1C6BFC0094C169 = {
						CreatedOnToolsVersion = 8.2.1;
						DevelopmentTeam = 7R4589SACH;
						ProvisioningStyle = Automatic;
					};
				};
			};
			buildConfigurationList = 86BE5E301F1C6BFC0094C169 /* Build configuration list for PBXProject "DemoAnimation" */;
			compatibilityVersion = "Xcode 3.2";
			developmentRegion = English;
			hasScannedForEncodings = 0;
			knownRegions = (
				en,
				Base,
			);
			mainGroup = 86BE5E2C1F1C6BFC0094C169;
			productRefGroup = 86BE5E361F1C6BFC0094C169 /* Products */;
			projectDirPath = "";
			projectRoot = "";
			targets = (
				86BE5E341F1C6BFC0094C169 /* DemoAnimation */,
			);
		};
/* End PBXProject section */

/* Begin PBXResourcesBuildPhase section */
		86BE5E331F1C6BFC0094C169 /* Resources */ = {
			isa = PBXResourcesBuildPhase;
			buildActionMask = 2147483647;
			files = (
				86BE5E431F1C6BFC0094C169 /* LaunchScreen.storyboard in Resources */,
				86BE5E401F1C6BFC0094C169 /* Assets.xcassets in Resources */,
				86BE5E3E1F1C6BFC0094C169 /* Main.storyboard in Resources */,
			);
			runOnlyForDeploymentPostprocessing = 0;
		};
/* End PBXResourcesBuildPhase section */

/* Begin PBXSourcesBuildPhase section */
		86BE5E311F1C6BFC0094C169 /* Sources */ = {
			isa = PBXSourcesBuildPhase;
			buildActionMask = 2147483647;
			files = (
				86E5E68B1F21E3EE00B69603 /* Queue.swift in Sources */,
				86E5E6811F1F02F300B69603 /* Dynamic.swift in Sources */,
				860A74621F250A8A0044CEC6 /* AnimationWithQueue.swift in Sources */,
				86BE5E3B1F1C6BFC0094C169 /* ViewController.swift in Sources */,
				86E5E6891F21C0F700B69603 /* AnimateItem.swift in Sources */,
				86BE5E391F1C6BFC0094C169 /* AppDelegate.swift in Sources */,
			);
			runOnlyForDeploymentPostprocessing = 0;
		};
/* End PBXSourcesBuildPhase section */

/* Begin PBXVariantGroup section */
		86BE5E3C1F1C6BFC0094C169 /* Main.storyboard */ = {
			isa = PBXVariantGroup;
			children = (
				86BE5E3D1F1C6BFC0094C169 /* Base */,
			);
			name = Main.storyboard;
			sourceTree = "<group>";
		};
		86BE5E411F1C6BFC0094C169 /* LaunchScreen.storyboard */ = {
			isa = PBXVariantGroup;
			children = (
				86BE5E421F1C6BFC0094C169 /* Base */,
			);
			name = LaunchScreen.storyboard;
			sourceTree = "<group>";
		};
/* End PBXVariantGroup section */

/* Begin XCBuildConfiguration section */
		86BE5E451F1C6BFC0094C169 /* Debug */ = {
			isa = XCBuildConfiguration;
			buildSettings = {
				ALWAYS_SEARCH_USER_PATHS = NO;
				CLANG_ANALYZER_NONNULL = YES;
				CLANG_CXX_LANGUAGE_STANDARD = "gnu++0x";
				CLANG_CXX_LIBRARY = "libc++";
				CLANG_ENABLE_MODULES = YES;
				CLANG_ENABLE_OBJC_ARC = YES;
				CLANG_WARN_BOOL_CONVERSION = YES;
				CLANG_WARN_CONSTANT_CONVERSION = YES;
				CLANG_WARN_DIRECT_OBJC_ISA_USAGE = YES_ERROR;
				CLANG_WARN_DOCUMENTATION_COMMENTS = YES;
				CLANG_WARN_EMPTY_BODY = YES;
				CLANG_WARN_ENUM_CONVERSION = YES;
				CLANG_WARN_INFINITE_RECURSION = YES;
				CLANG_WARN_INT_CONVERSION = YES;
				CLANG_WARN_OBJC_ROOT_CLASS = YES_ERROR;
				CLANG_WARN_SUSPICIOUS_MOVE = YES;
				CLANG_WARN_UNREACHABLE_CODE = YES;
				CLANG_WARN__DUPLICATE_METHOD_MATCH = YES;
				"CODE_SIGN_IDENTITY[sdk=iphoneos*]" = "iPhone Developer";
				COPY_PHASE_STRIP = NO;
				DEBUG_INFORMATION_FORMAT = dwarf;
				ENABLE_STRICT_OBJC_MSGSEND = YES;
				ENABLE_TESTABILITY = YES;
				GCC_C_LANGUAGE_STANDARD = gnu99;
				GCC_DYNAMIC_NO_PIC = NO;
				GCC_NO_COMMON_BLOCKS = YES;
				GCC_OPTIMIZATION_LEVEL = 0;
				GCC_PREPROCESSOR_DEFINITIONS = (
					"DEBUG=1",
					"$(inherited)",
				);
				GCC_WARN_64_TO_32_BIT_CONVERSION = YES;
				GCC_WARN_ABOUT_RETURN_TYPE = YES_ERROR;
				GCC_WARN_UNDECLARED_SELECTOR = YES;
				GCC_WARN_UNINITIALIZED_AUTOS = YES_AGGRESSIVE;
				GCC_WARN_UNUSED_FUNCTION = YES;
				GCC_WARN_UNUSED_VARIABLE = YES;
				IPHONEOS_DEPLOYMENT_TARGET = 10.2;
				MTL_ENABLE_DEBUG_INFO = YES;
				ONLY_ACTIVE_ARCH = YES;
				SDKROOT = iphoneos;
				SWIFT_ACTIVE_COMPILATION_CONDITIONS = DEBUG;
				SWIFT_OPTIMIZATION_LEVEL = "-Onone";
			};
			name = Debug;
		};
		86BE5E461F1C6BFC0094C169 /* Release */ = {
			isa = XCBuildConfiguration;
			buildSettings = {
				ALWAYS_SEARCH_USER_PATHS = NO;
				CLANG_ANALYZER_NONNULL = YES;
				CLANG_CXX_LANGUAGE_STANDARD = "gnu++0x";
				CLANG_CXX_LIBRARY = "libc++";
				CLANG_ENABLE_MODULES = YES;
				CLANG_ENABLE_OBJC_ARC = YES;
				CLANG_WARN_BOOL_CONVERSION = YES;
				CLANG_WARN_CONSTANT_CONVERSION = YES;
				CLANG_WARN_DIRECT_OBJC_ISA_USAGE = YES_ERROR;
				CLANG_WARN_DOCUMENTATION_COMMENTS = YES;
				CLANG_WARN_EMPTY_BODY = YES;
				CLANG_WARN_ENUM_CONVERSION = YES;
				CLANG_WARN_INFINITE_RECURSION = YES;
				CLANG_WARN_INT_CONVERSION = YES;
				CLANG_WARN_OBJC_ROOT_CLASS = YES_ERROR;
				CLANG_WARN_SUSPICIOUS_MOVE = YES;
				CLANG_WARN_UNREACHABLE_CODE = YES;
				CLANG_WARN__DUPLICATE_METHOD_MATCH = YES;
				"CODE_SIGN_IDENTITY[sdk=iphoneos*]" = "iPhone Developer";
				COPY_PHASE_STRIP = NO;
				DEBUG_INFORMATION_FORMAT = "dwarf-with-dsym";
				ENABLE_NS_ASSERTIONS = NO;
				ENABLE_STRICT_OBJC_MSGSEND = YES;
				GCC_C_LANGUAGE_STANDARD = gnu99;
				GCC_NO_COMMON_BLOCKS = YES;
				GCC_WARN_64_TO_32_BIT_CONVERSION = YES;
				GCC_WARN_ABOUT_RETURN_TYPE = YES_ERROR;
				GCC_WARN_UNDECLARED_SELECTOR = YES;
				GCC_WARN_UNINITIALIZED_AUTOS = YES_AGGRESSIVE;
				GCC_WARN_UNUSED_FUNCTION = YES;
				GCC_WARN_UNUSED_VARIABLE = YES;
				IPHONEOS_DEPLOYMENT_TARGET = 10.2;
				MTL_ENABLE_DEBUG_INFO = NO;
				SDKROOT = iphoneos;
				SWIFT_OPTIMIZATION_LEVEL = "-Owholemodule";
				VALIDATE_PRODUCT = YES;
			};
			name = Release;
		};
		86BE5E481F1C6BFC0094C169 /* Debug */ = {
			isa = XCBuildConfiguration;
			buildSettings = {
				ASSETCATALOG_COMPILER_APPICON_NAME = AppIcon;
				DEVELOPMENT_TEAM = 7R4589SACH;
				INFOPLIST_FILE = DemoAnimation/Info.plist;
				LD_RUNPATH_SEARCH_PATHS = "$(inherited) @executable_path/Frameworks";
				PRODUCT_BUNDLE_IDENTIFIER = com.thiettb.DemoAnimation;
				PRODUCT_NAME = "$(TARGET_NAME)";
				SWIFT_VERSION = 3.0;
			};
			name = Debug;
		};
		86BE5E491F1C6BFC0094C169 /* Release */ = {
			isa = XCBuildConfiguration;
			buildSettings = {
				ASSETCATALOG_COMPILER_APPICON_NAME = AppIcon;
				DEVELOPMENT_TEAM = 7R4589SACH;
				INFOPLIST_FILE = DemoAnimation/Info.plist;
				LD_RUNPATH_SEARCH_PATHS = "$(inherited) @executable_path/Frameworks";
				PRODUCT_BUNDLE_IDENTIFIER = com.thiettb.DemoAnimation;
				PRODUCT_NAME = "$(TARGET_NAME)";
				SWIFT_VERSION = 3.0;
			};
			name = Release;
		};
/* End XCBuildConfiguration section */

/* Begin XCConfigurationList section */
		86BE5E301F1C6BFC0094C169 /* Build configuration list for PBXProject "DemoAnimation" */ = {
			isa = XCConfigurationList;
			buildConfigurations = (
				86BE5E451F1C6BFC0094C169 /* Debug */,
				86BE5E461F1C6BFC0094C169 /* Release */,
			);
			defaultConfigurationIsVisible = 0;
			defaultConfigurationName = Release;
		};
		86BE5E471F1C6BFC0094C169 /* Build configuration list for PBXNativeTarget "DemoAnimation" */ = {
			isa = XCConfigurationList;
			buildConfigurations = (
				86BE5E481F1C6BFC0094C169 /* Debug */,
				86BE5E491F1C6BFC0094C169 /* Release */,
			);
			defaultConfigurationIsVisible = 0;
			defaultConfigurationName = Release;
		};
/* End XCConfigurationList section */
	};
	rootObject = 86BE5E2D1F1C6BFC0094C169 /* Project object */;
}
